
Microsoft Visual Studio Solution File, Format Version 12.00
# Visual Studio Version 17
VisualStudioVersion = 17.0.31903.59
MinimumVisualStudioVersion = 10.0.40219.1
Project("{2150E333-8FDC-42A3-9474-1A3956D46DE8}") = "src", "src", "{02EA681E-C7D8-13C7-8484-4AC65E1B71E8}"
EndProject
Project("{2150E333-8FDC-42A3-9474-1A3956D46DE8}") = "tests", "tests", "{03698392-520A-434A-B3C8-471632E77314}"
EndProject
Project("{2150E333-8FDC-42A3-9474-1A3956D46DE8}") = "samples", "samples", "{A60DB474-9B91-4C86-AB5D-ABC6517F7D4A}"
EndProject
Project("{2150E333-8FDC-42A3-9474-1A3956D46DE8}") = "aspire", "aspire", "{358A265C-E5DD-4973-B570-D3679CB2DCBF}"
EndProject
Project("{FAE04EC0-301F-11D3-BF4B-00C04F79EFBC}") = "DotriStack.AuthCenter.ApiHost", "src\DotriStack.AuthCenter.ApiHost\DotriStack.AuthCenter.ApiHost.csproj", "{43DCC524-2890-2F14-C9BC-DB958A6FA645}"
EndProject
Project("{FAE04EC0-301F-11D3-BF4B-00C04F79EFBC}") = "DotriStack.AuthCenter.AppHost", "aspire\DotriStack.AuthCenter.AppHost\DotriStack.AuthCenter.AppHost.csproj", "{DB6DA45F-024D-43E5-9EA7-BE18C5C13DEB}"
EndProject
Project("{FAE04EC0-301F-11D3-BF4B-00C04F79EFBC}") = "DotriStack.AuthCenter.ServiceDefaults", "aspire\DotriStack.AuthCenter.ServiceDefaults\DotriStack.AuthCenter.ServiceDefaults.csproj", "{78BD69EE-5F7F-9491-84D7-4D302F7DECE3}"
EndProject
Project("{54A90642-561A-4BB1-A94E-469ADEE60C69}") = "Dotristack.Authcenter.Site", "src\DotriStack.AuthCenter.Site\Dotristack.Authcenter.Site.esproj", "{5922E3BF-8AD9-5ABD-F8D0-35915CAEE1E3}"
EndProject
Project("{FAE04EC0-301F-11D3-BF4B-00C04F79EFBC}") = "DotriStack.AuthCenter.Samples.ApiHost", "samples\DotriStack.AuthCenter.Samples.ApiHost\DotriStack.AuthCenter.Samples.ApiHost.csproj", "{3D503017-B977-9190-8A4F-0AED0BCDD229}"
EndProject
Project("{54A90642-561A-4BB1-A94E-469ADEE60C69}") = "Dotristack.Authcenter.Sample.Site", "samples\DotriStack.AuthCenter.Sample.Site\Dotristack.Authcenter.Sample.Site.esproj", "{44AF1EF0-C147-A1C5-7442-2E5F8F6AE8DD}"
EndProject
Project("{2150E333-8FDC-42A3-9474-1A3956D46DE8}") = "Api", "Api", "{9A611F84-78D6-4F55-8660-003D65E816D3}"
EndProject
Project("{2150E333-8FDC-42A3-9474-1A3956D46DE8}") = "Site", "Site", "{DAA94A49-3AF8-4031-846C-69FB55E3F2CE}"
EndProject
Project("{FAE04EC0-301F-11D3-BF4B-00C04F79EFBC}") = "DotriStack.AuthCenter.Core", "src\DotriStack.AuthCenter.Core\DotriStack.AuthCenter.Core.csproj", "{3DB69A38-AEA5-4FDE-A75C-789476879348}"
EndProject
Project("{FAE04EC0-301F-11D3-BF4B-00C04F79EFBC}") = "DotriStack.AuthCenter.Services", "src\DotriStack.AuthCenter.Services\DotriStack.AuthCenter.Services.csproj", "{39569092-0B80-476D-87A2-75A2CFBEB09F}"
EndProject
Project("{FAE04EC0-301F-11D3-BF4B-00C04F79EFBC}") = "DotriStack.AuthCenter.Repositories", "src\DotriStack.AuthCenter.Repositories\DotriStack.AuthCenter.Repositories.csproj", "{49780131-D92A-41DD-ADCE-B4B9FD01565D}"
EndProject
Project("{FAE04EC0-301F-11D3-BF4B-00C04F79EFBC}") = "DotriStack.AuthCenter.Client", "src\DotriStack.AuthCenter.Client\DotriStack.AuthCenter.Client.csproj", "{A6D72F15-1695-4893-9BB3-353FA1809616}"
EndProject
Project("{FAE04EC0-301F-11D3-BF4B-00C04F79EFBC}") = "DotriStack.AuthCenter.Entities", "src\DotriStack.AuthCenter.Entities\DotriStack.AuthCenter.Entities.csproj", "{08F3B1D9-95EB-4172-B396-A41FD801F1FD}"
EndProject
Project("{FAE04EC0-301F-11D3-BF4B-00C04F79EFBC}") = "DotriStack.AuthCenter.Presentation", "src\DotriStack.AuthCenter.Presentation\DotriStack.AuthCenter.Presentation.csproj", "{B4722D05-07AE-4B09-B13A-9939249B004C}"
EndProject
Project("{FAE04EC0-301F-11D3-BF4B-00C04F79EFBC}") = "DotriStack.AuthCenter.Core.Tests", "tests\DotriStack.AuthCenter.Core.Tests\DotriStack.AuthCenter.Core.Tests.csproj", "{81ECF2BC-1316-455E-95EC-C36F89415F90}"
EndProject
Project("{FAE04EC0-301F-11D3-BF4B-00C04F79EFBC}") = "DotriStack.AuthCenter.Repository.Tests", "tests\DotriStack.AuthCenter.Repository.Tests\DotriStack.AuthCenter.Repository.Tests.csproj", "{5A1ED0C9-D0DE-412B-9DBA-4B6376A111FB}"
EndProject
Project("{FAE04EC0-301F-11D3-BF4B-00C04F79EFBC}") = "DotriStack.AuthCenter.Services.Tests", "tests\DotriStack.AuthCenter.Services.Tests\DotriStack.AuthCenter.Services.Tests.csproj", "{348A5FD7-0734-40E2-AD9B-F7E357DFE2A3}"
EndProject
Project("{FAE04EC0-301F-11D3-BF4B-00C04F79EFBC}") = "DotriStack.AuthCenter.Presentation.Tests", "tests\DotriStack.AuthCenter.Presentation.Tests\DotriStack.AuthCenter.Presentation.Tests.csproj", "{407D6CC5-9DA1-4940-A758-E9879C69FA1E}"
EndProject
Project("{2150E333-8FDC-42A3-9474-1A3956D46DE8}") = "tests-integration", "tests-integration", "{7F44E163-05A6-46AA-A201-E9558D519C38}"
EndProject
Project("{FAE04EC0-301F-11D3-BF4B-00C04F79EFBC}") = "DotriStack.AuthCenter.ApiHost.Integration.Tests", "tests-integration\DotriStack.AuthCenter.ApiHost.Integration.Tests\DotriStack.AuthCenter.ApiHost.Integration.Tests.csproj", "{9EE61069-A818-423B-9FC1-0A806E6D0CF0}"
EndProject
Global
	GlobalSection(SolutionConfigurationPlatforms) = preSolution
		Debug|Any CPU = Debug|Any CPU
		Release|Any CPU = Release|Any CPU
	EndGlobalSection
	GlobalSection(ProjectConfigurationPlatforms) = postSolution
		{43DCC524-2890-2F14-C9BC-DB958A6FA645}.Debug|Any CPU.ActiveCfg = Debug|Any CPU
		{43DCC524-2890-2F14-C9BC-DB958A6FA645}.Debug|Any CPU.Build.0 = Debug|Any CPU
		{43DCC524-2890-2F14-C9BC-DB958A6FA645}.Release|Any CPU.ActiveCfg = Release|Any CPU
		{43DCC524-2890-2F14-C9BC-DB958A6FA645}.Release|Any CPU.Build.0 = Release|Any CPU
		{DB6DA45F-024D-43E5-9EA7-BE18C5C13DEB}.Debug|Any CPU.ActiveCfg = Debug|Any CPU
		{DB6DA45F-024D-43E5-9EA7-BE18C5C13DEB}.Debug|Any CPU.Build.0 = Debug|Any CPU
		{DB6DA45F-024D-43E5-9EA7-BE18C5C13DEB}.Release|Any CPU.ActiveCfg = Release|Any CPU
		{DB6DA45F-024D-43E5-9EA7-BE18C5C13DEB}.Release|Any CPU.Build.0 = Release|Any CPU
		{78BD69EE-5F7F-9491-84D7-4D302F7DECE3}.Debug|Any CPU.ActiveCfg = Debug|Any CPU
		{78BD69EE-5F7F-9491-84D7-4D302F7DECE3}.Debug|Any CPU.Build.0 = Debug|Any CPU
		{78BD69EE-5F7F-9491-84D7-4D302F7DECE3}.Release|Any CPU.ActiveCfg = Release|Any CPU
		{78BD69EE-5F7F-9491-84D7-4D302F7DECE3}.Release|Any CPU.Build.0 = Release|Any CPU
		{5922E3BF-8AD9-5ABD-F8D0-35915CAEE1E3}.Debug|Any CPU.ActiveCfg = Debug|Any CPU
		{5922E3BF-8AD9-5ABD-F8D0-35915CAEE1E3}.Debug|Any CPU.Build.0 = Debug|Any CPU
		{5922E3BF-8AD9-5ABD-F8D0-35915CAEE1E3}.Debug|Any CPU.Deploy.0 = Debug|Any CPU
		{5922E3BF-8AD9-5ABD-F8D0-35915CAEE1E3}.Release|Any CPU.ActiveCfg = Release|Any CPU
		{5922E3BF-8AD9-5ABD-F8D0-35915CAEE1E3}.Release|Any CPU.Build.0 = Release|Any CPU
		{5922E3BF-8AD9-5ABD-F8D0-35915CAEE1E3}.Release|Any CPU.Deploy.0 = Release|Any CPU
		{3D503017-B977-9190-8A4F-0AED0BCDD229}.Debug|Any CPU.ActiveCfg = Debug|Any CPU
		{3D503017-B977-9190-8A4F-0AED0BCDD229}.Debug|Any CPU.Build.0 = Debug|Any CPU
		{3D503017-B977-9190-8A4F-0AED0BCDD229}.Release|Any CPU.ActiveCfg = Release|Any CPU
		{3D503017-B977-9190-8A4F-0AED0BCDD229}.Release|Any CPU.Build.0 = Release|Any CPU
		{44AF1EF0-C147-A1C5-7442-2E5F8F6AE8DD}.Debug|Any CPU.ActiveCfg = Debug|Any CPU
		{44AF1EF0-C147-A1C5-7442-2E5F8F6AE8DD}.Debug|Any CPU.Build.0 = Debug|Any CPU
		{44AF1EF0-C147-A1C5-7442-2E5F8F6AE8DD}.Debug|Any CPU.Deploy.0 = Debug|Any CPU
		{44AF1EF0-C147-A1C5-7442-2E5F8F6AE8DD}.Release|Any CPU.ActiveCfg = Release|Any CPU
		{44AF1EF0-C147-A1C5-7442-2E5F8F6AE8DD}.Release|Any CPU.Build.0 = Release|Any CPU
		{44AF1EF0-C147-A1C5-7442-2E5F8F6AE8DD}.Release|Any CPU.Deploy.0 = Release|Any CPU
		{3DB69A38-AEA5-4FDE-A75C-789476879348}.Debug|Any CPU.ActiveCfg = Debug|Any CPU
		{3DB69A38-AEA5-4FDE-A75C-789476879348}.Debug|Any CPU.Build.0 = Debug|Any CPU
		{3DB69A38-AEA5-4FDE-A75C-789476879348}.Release|Any CPU.ActiveCfg = Release|Any CPU
		{3DB69A38-AEA5-4FDE-A75C-789476879348}.Release|Any CPU.Build.0 = Release|Any CPU
		{39569092-0B80-476D-87A2-75A2CFBEB09F}.Debug|Any CPU.ActiveCfg = Debug|Any CPU
		{39569092-0B80-476D-87A2-75A2CFBEB09F}.Debug|Any CPU.Build.0 = Debug|Any CPU
		{39569092-0B80-476D-87A2-75A2CFBEB09F}.Release|Any CPU.ActiveCfg = Release|Any CPU
		{39569092-0B80-476D-87A2-75A2CFBEB09F}.Release|Any CPU.Build.0 = Release|Any CPU
		{49780131-D92A-41DD-ADCE-B4B9FD01565D}.Debug|Any CPU.ActiveCfg = Debug|Any CPU
		{49780131-D92A-41DD-ADCE-B4B9FD01565D}.Debug|Any CPU.Build.0 = Debug|Any CPU
		{49780131-D92A-41DD-ADCE-B4B9FD01565D}.Release|Any CPU.ActiveCfg = Release|Any CPU
		{49780131-D92A-41DD-ADCE-B4B9FD01565D}.Release|Any CPU.Build.0 = Release|Any CPU
		{A6D72F15-1695-4893-9BB3-353FA1809616}.Debug|Any CPU.ActiveCfg = Debug|Any CPU
		{A6D72F15-1695-4893-9BB3-353FA1809616}.Debug|Any CPU.Build.0 = Debug|Any CPU
		{A6D72F15-1695-4893-9BB3-353FA1809616}.Release|Any CPU.ActiveCfg = Release|Any CPU
		{A6D72F15-1695-4893-9BB3-353FA1809616}.Release|Any CPU.Build.0 = Release|Any CPU
		{08F3B1D9-95EB-4172-B396-A41FD801F1FD}.Debug|Any CPU.ActiveCfg = Debug|Any CPU
		{08F3B1D9-95EB-4172-B396-A41FD801F1FD}.Debug|Any CPU.Build.0 = Debug|Any CPU
		{08F3B1D9-95EB-4172-B396-A41FD801F1FD}.Release|Any CPU.ActiveCfg = Release|Any CPU
		{08F3B1D9-95EB-4172-B396-A41FD801F1FD}.Release|Any CPU.Build.0 = Release|Any CPU
		{B4722D05-07AE-4B09-B13A-9939249B004C}.Debug|Any CPU.ActiveCfg = Debug|Any CPU
		{B4722D05-07AE-4B09-B13A-9939249B004C}.Debug|Any CPU.Build.0 = Debug|Any CPU
		{B4722D05-07AE-4B09-B13A-9939249B004C}.Release|Any CPU.ActiveCfg = Release|Any CPU
		{B4722D05-07AE-4B09-B13A-9939249B004C}.Release|Any CPU.Build.0 = Release|Any CPU
		{81ECF2BC-1316-455E-95EC-C36F89415F90}.Debug|Any CPU.ActiveCfg = Debug|Any CPU
		{81ECF2BC-1316-455E-95EC-C36F89415F90}.Debug|Any CPU.Build.0 = Debug|Any CPU
		{81ECF2BC-1316-455E-95EC-C36F89415F90}.Release|Any CPU.ActiveCfg = Release|Any CPU
		{81ECF2BC-1316-455E-95EC-C36F89415F90}.Release|Any CPU.Build.0 = Release|Any CPU
		{5A1ED0C9-D0DE-412B-9DBA-4B6376A111FB}.Debug|Any CPU.ActiveCfg = Debug|Any CPU
		{5A1ED0C9-D0DE-412B-9DBA-4B6376A111FB}.Debug|Any CPU.Build.0 = Debug|Any CPU
		{5A1ED0C9-D0DE-412B-9DBA-4B6376A111FB}.Release|Any CPU.ActiveCfg = Release|Any CPU
		{5A1ED0C9-D0DE-412B-9DBA-4B6376A111FB}.Release|Any CPU.Build.0 = Release|Any CPU
		{348A5FD7-0734-40E2-AD9B-F7E357DFE2A3}.Debug|Any CPU.ActiveCfg = Debug|Any CPU
		{348A5FD7-0734-40E2-AD9B-F7E357DFE2A3}.Debug|Any CPU.Build.0 = Debug|Any CPU
		{348A5FD7-0734-40E2-AD9B-F7E357DFE2A3}.Release|Any CPU.ActiveCfg = Release|Any CPU
		{348A5FD7-0734-40E2-AD9B-F7E357DFE2A3}.Release|Any CPU.Build.0 = Release|Any CPU
		{407D6CC5-9DA1-4940-A758-E9879C69FA1E}.Debug|Any CPU.ActiveCfg = Debug|Any CPU
		{407D6CC5-9DA1-4940-A758-E9879C69FA1E}.Debug|Any CPU.Build.0 = Debug|Any CPU
		{407D6CC5-9DA1-4940-A758-E9879C69FA1E}.Release|Any CPU.ActiveCfg = Release|Any CPU
		{407D6CC5-9DA1-4940-A758-E9879C69FA1E}.Release|Any CPU.Build.0 = Release|Any CPU
		{9EE61069-A818-423B-9FC1-0A806E6D0CF0}.Debug|Any CPU.ActiveCfg = Debug|Any CPU
		{9EE61069-A818-423B-9FC1-0A806E6D0CF0}.Debug|Any CPU.Build.0 = Debug|Any CPU
		{9EE61069-A818-423B-9FC1-0A806E6D0CF0}.Release|Any CPU.ActiveCfg = Release|Any CPU
		{9EE61069-A818-423B-9FC1-0A806E6D0CF0}.Release|Any CPU.Build.0 = Release|Any CPU
	EndGlobalSection
	GlobalSection(SolutionProperties) = preSolution
		HideSolutionNode = FALSE
	EndGlobalSection
	GlobalSection(NestedProjects) = preSolution
		{43DCC524-2890-2F14-C9BC-DB958A6FA645} = {9A611F84-78D6-4F55-8660-003D65E816D3}
		{DB6DA45F-024D-43E5-9EA7-BE18C5C13DEB} = {358A265C-E5DD-4973-B570-D3679CB2DCBF}
		{78BD69EE-5F7F-9491-84D7-4D302F7DECE3} = {358A265C-E5DD-4973-B570-D3679CB2DCBF}
		{5922E3BF-8AD9-5ABD-F8D0-35915CAEE1E3} = {DAA94A49-3AF8-4031-846C-69FB55E3F2CE}
		{3D503017-B977-9190-8A4F-0AED0BCDD229} = {A60DB474-9B91-4C86-AB5D-ABC6517F7D4A}
		{44AF1EF0-C147-A1C5-7442-2E5F8F6AE8DD} = {A60DB474-9B91-4C86-AB5D-ABC6517F7D4A}
		{9A611F84-78D6-4F55-8660-003D65E816D3} = {02EA681E-C7D8-13C7-8484-4AC65E1B71E8}
		{DAA94A49-3AF8-4031-846C-69FB55E3F2CE} = {02EA681E-C7D8-13C7-8484-4AC65E1B71E8}
		{3DB69A38-AEA5-4FDE-A75C-789476879348} = {9A611F84-78D6-4F55-8660-003D65E816D3}
		{39569092-0B80-476D-87A2-75A2CFBEB09F} = {9A611F84-78D6-4F55-8660-003D65E816D3}
		{49780131-D92A-41DD-ADCE-B4B9FD01565D} = {9A611F84-78D6-4F55-8660-003D65E816D3}
		{A6D72F15-1695-4893-9BB3-353FA1809616} = {9A611F84-78D6-4F55-8660-003D65E816D3}
		{08F3B1D9-95EB-4172-B396-A41FD801F1FD} = {9A611F84-78D6-4F55-8660-003D65E816D3}
		{B4722D05-07AE-4B09-B13A-9939249B004C} = {9A611F84-78D6-4F55-8660-003D65E816D3}
		{81ECF2BC-1316-455E-95EC-C36F89415F90} = {03698392-520A-434A-B3C8-471632E77314}
		{5A1ED0C9-D0DE-412B-9DBA-4B6376A111FB} = {03698392-520A-434A-B3C8-471632E77314}
		{348A5FD7-0734-40E2-AD9B-F7E357DFE2A3} = {03698392-520A-434A-B3C8-471632E77314}
		{407D6CC5-9DA1-4940-A758-E9879C69FA1E} = {03698392-520A-434A-B3C8-471632E77314}
		{9EE61069-A818-423B-9FC1-0A806E6D0CF0} = {7F44E163-05A6-46AA-A201-E9558D519C38}
	EndGlobalSection
	GlobalSection(ExtensibilityGlobals) = postSolution
		SolutionGuid = {6FD8B88A-0127-477E-98AE-0477EE804BD6}
	EndGlobalSection
EndGlobal
